// !$*UTF8*$!
{
	archiveVersion = 1;
	classes = {
	};
	objectVersion = 52;
	objects = {

/* Begin PBXBuildFile section */
		1C0E06F92352935800A916D7 /* GoogleService-Info.plist in Resources */ = {isa = PBXBuildFile; fileRef = 1C0E06F82352935800A916D7 /* GoogleService-Info.plist */; };
		A0AF33A123528B560065ECD1 /* Memories Class.swift in Sources */ = {isa = PBXBuildFile; fileRef = A0AF33A023528B560065ECD1 /* Memories Class.swift */; };
		A0AF33A3235293410065ECD1 /* MemoryTableViewCell.swift in Sources */ = {isa = PBXBuildFile; fileRef = A0AF33A2235293410065ECD1 /* MemoryTableViewCell.swift */; };
		A0AF33A52352B2CA0065ECD1 /* MemoryDetailsViewController.swift in Sources */ = {isa = PBXBuildFile; fileRef = A0AF33A42352B2CA0065ECD1 /* MemoryDetailsViewController.swift */; };
		A0AF33A72352C0110065ECD1 /* NewMemoryViewController.swift in Sources */ = {isa = PBXBuildFile; fileRef = A0AF33A62352C0110065ECD1 /* NewMemoryViewController.swift */; };
		A0AF33AA2352C1C80065ECD1 /* KeyboardLayoutGuide in Frameworks */ = {isa = PBXBuildFile; productRef = A0AF33A92352C1C80065ECD1 /* KeyboardLayoutGuide */; };
		C18B323223527DE6001E4DFE /* HomeViewController.swift in Sources */ = {isa = PBXBuildFile; fileRef = C18B323123527DE6001E4DFE /* HomeViewController.swift */; };
		C18B323D23527EF9001E4DFE /* SF-UI-Display-Medium.otf in Resources */ = {isa = PBXBuildFile; fileRef = C18B323423527EF9001E4DFE /* SF-UI-Display-Medium.otf */; };
		C18B323E23527EF9001E4DFE /* SF-UI-Display-Light.otf in Resources */ = {isa = PBXBuildFile; fileRef = C18B323523527EF9001E4DFE /* SF-UI-Display-Light.otf */; };
		C18B323F23527EF9001E4DFE /* SF-UI-Display-Regular.otf in Resources */ = {isa = PBXBuildFile; fileRef = C18B323623527EF9001E4DFE /* SF-UI-Display-Regular.otf */; };
		C18B324023527EF9001E4DFE /* SF-UI-Display-Thin.otf in Resources */ = {isa = PBXBuildFile; fileRef = C18B323723527EF9001E4DFE /* SF-UI-Display-Thin.otf */; };
		C18B324123527EF9001E4DFE /* SF-UI-Display-Heavy.otf in Resources */ = {isa = PBXBuildFile; fileRef = C18B323823527EF9001E4DFE /* SF-UI-Display-Heavy.otf */; };
		C18B324223527EF9001E4DFE /* SF-UI-Display-Bold.otf in Resources */ = {isa = PBXBuildFile; fileRef = C18B323923527EF9001E4DFE /* SF-UI-Display-Bold.otf */; };
		C18B324323527EF9001E4DFE /* SF-UI-Display-Black.otf in Resources */ = {isa = PBXBuildFile; fileRef = C18B323A23527EF9001E4DFE /* SF-UI-Display-Black.otf */; };
		C18B324423527EF9001E4DFE /* SF-UI-Display-Ultralight.otf in Resources */ = {isa = PBXBuildFile; fileRef = C18B323B23527EF9001E4DFE /* SF-UI-Display-Ultralight.otf */; };
		C18B324523527EF9001E4DFE /* SF-UI-Display-Semibold.otf in Resources */ = {isa = PBXBuildFile; fileRef = C18B323C23527EF9001E4DFE /* SF-UI-Display-Semibold.otf */; };
		C18B324723527FE4001E4DFE /* HomePageTableViewCell.swift in Sources */ = {isa = PBXBuildFile; fileRef = C18B324623527FE4001E4DFE /* HomePageTableViewCell.swift */; };
		C18B328423529C31001E4DFE /* ChartView.swift in Sources */ = {isa = PBXBuildFile; fileRef = C18B328323529C31001E4DFE /* ChartView.swift */; };
		C18B328F2352D7BE001E4DFE /* String+Extensions.swift in Sources */ = {isa = PBXBuildFile; fileRef = C18B328A2352D7BE001E4DFE /* String+Extensions.swift */; };
		C18B32902352D7BE001E4DFE /* UIColor+Extensions.swift in Sources */ = {isa = PBXBuildFile; fileRef = C18B328D2352D7BE001E4DFE /* UIColor+Extensions.swift */; };
		C18B32912352D7BE001E4DFE /* CGRect+Extensions.swift in Sources */ = {isa = PBXBuildFile; fileRef = C18B328E2352D7BE001E4DFE /* CGRect+Extensions.swift */; };
		C18B329C2352D99C001E4DFE /* Canvas.swift in Sources */ = {isa = PBXBuildFile; fileRef = C18B329B2352D99C001E4DFE /* Canvas.swift */; };
		C18B329E2352D9C9001E4DFE /* Word.swift in Sources */ = {isa = PBXBuildFile; fileRef = C18B329D2352D9C9001E4DFE /* Word.swift */; };
		C18B32A02352D9EE001E4DFE /* WordImage.swift in Sources */ = {isa = PBXBuildFile; fileRef = C18B329F2352D9EE001E4DFE /* WordImage.swift */; };
		C18B32A223530C13001E4DFE /* SignInViewController.swift in Sources */ = {isa = PBXBuildFile; fileRef = C18B32A123530C13001E4DFE /* SignInViewController.swift */; };
		D20CB0452352746F00C8BE8D /* AppDelegate.swift in Sources */ = {isa = PBXBuildFile; fileRef = D20CB0442352746F00C8BE8D /* AppDelegate.swift */; };
		D20CB0472352746F00C8BE8D /* SceneDelegate.swift in Sources */ = {isa = PBXBuildFile; fileRef = D20CB0462352746F00C8BE8D /* SceneDelegate.swift */; };
		D20CB04B2352746F00C8BE8D /* MemoriesTableViewViewController.swift in Sources */ = {isa = PBXBuildFile; fileRef = D20CB04A2352746F00C8BE8D /* MemoriesTableViewViewController.swift */; };
		D20CB04E2352746F00C8BE8D /* Main.storyboard in Resources */ = {isa = PBXBuildFile; fileRef = D20CB04C2352746F00C8BE8D /* Main.storyboard */; };
		D20CB0502352747000C8BE8D /* Assets.xcassets in Resources */ = {isa = PBXBuildFile; fileRef = D20CB04F2352747000C8BE8D /* Assets.xcassets */; };
		D20CB0532352747000C8BE8D /* LaunchScreen.storyboard in Resources */ = {isa = PBXBuildFile; fileRef = D20CB0512352747000C8BE8D /* LaunchScreen.storyboard */; };
		D20CB05B235275F900C8BE8D /* TextAnalyzer+Azure.swift in Sources */ = {isa = PBXBuildFile; fileRef = D20CB05A235275F900C8BE8D /* TextAnalyzer+Azure.swift */; };
		D25E5F6723529AA100C105DC /* SentimentAnalyzer.swift in Sources */ = {isa = PBXBuildFile; fileRef = D25E5F6623529AA100C105DC /* SentimentAnalyzer.swift */; };
		D25E5F6923529F7200C105DC /* TextAnalyzer.swift in Sources */ = {isa = PBXBuildFile; fileRef = D25E5F6823529F7200C105DC /* TextAnalyzer.swift */; };
		D25E5F6B23529FE300C105DC /* KeyPhraseExtractor.swift in Sources */ = {isa = PBXBuildFile; fileRef = D25E5F6A23529FE300C105DC /* KeyPhraseExtractor.swift */; };
		D25E5F6D2352A4D700C105DC /* EntityNamer.swift in Sources */ = {isa = PBXBuildFile; fileRef = D25E5F6C2352A4D700C105DC /* EntityNamer.swift */; };
		D25E5F6F2352B0AB00C105DC /* ImageSuggestionProvider.swift in Sources */ = {isa = PBXBuildFile; fileRef = D25E5F6E2352B0AB00C105DC /* ImageSuggestionProvider.swift */; };
		D25E5F722352DB0900C105DC /* ComputerVision.swift in Sources */ = {isa = PBXBuildFile; fileRef = D25E5F712352DB0900C105DC /* ComputerVision.swift */; };
		D27ABDD72353096A00E61709 /* ImageTagMemory.swift in Sources */ = {isa = PBXBuildFile; fileRef = D27ABDD62353096A00E61709 /* ImageTagMemory.swift */; };
		D288FB002353169200D72B86 /* Firebase.swift in Sources */ = {isa = PBXBuildFile; fileRef = D288FAFF2353169200D72B86 /* Firebase.swift */; };
		E1F8274C8DC1C8BE87A75819 /* Pods_Feel_Better.framework in Frameworks */ = {isa = PBXBuildFile; fileRef = B85023A000B652DA2FA6FD90 /* Pods_Feel_Better.framework */; };
/* End PBXBuildFile section */

/* Begin PBXFileReference section */
		1C0E06F82352935800A916D7 /* GoogleService-Info.plist */ = {isa = PBXFileReference; fileEncoding = 4; lastKnownFileType = text.plist.xml; path = "GoogleService-Info.plist"; sourceTree = "<group>"; };
		67C9E0C473F442AC19A217D5 /* Pods-Feel Better.debug.xcconfig */ = {isa = PBXFileReference; includeInIndex = 1; lastKnownFileType = text.xcconfig; name = "Pods-Feel Better.debug.xcconfig"; path = "Target Support Files/Pods-Feel Better/Pods-Feel Better.debug.xcconfig"; sourceTree = "<group>"; };
		A0AF33A023528B560065ECD1 /* Memories Class.swift */ = {isa = PBXFileReference; lastKnownFileType = sourcecode.swift; path = "Memories Class.swift"; sourceTree = "<group>"; };
		A0AF33A2235293410065ECD1 /* MemoryTableViewCell.swift */ = {isa = PBXFileReference; lastKnownFileType = sourcecode.swift; path = MemoryTableViewCell.swift; sourceTree = "<group>"; };
		A0AF33A42352B2CA0065ECD1 /* MemoryDetailsViewController.swift */ = {isa = PBXFileReference; lastKnownFileType = sourcecode.swift; path = MemoryDetailsViewController.swift; sourceTree = "<group>"; };
		A0AF33A62352C0110065ECD1 /* NewMemoryViewController.swift */ = {isa = PBXFileReference; lastKnownFileType = sourcecode.swift; path = NewMemoryViewController.swift; sourceTree = "<group>"; };
		B85023A000B652DA2FA6FD90 /* Pods_Feel_Better.framework */ = {isa = PBXFileReference; explicitFileType = wrapper.framework; includeInIndex = 0; path = Pods_Feel_Better.framework; sourceTree = BUILT_PRODUCTS_DIR; };
		C15896BFDF0C32AA62D5DAE5 /* Pods-Feel Better.release.xcconfig */ = {isa = PBXFileReference; includeInIndex = 1; lastKnownFileType = text.xcconfig; name = "Pods-Feel Better.release.xcconfig"; path = "Target Support Files/Pods-Feel Better/Pods-Feel Better.release.xcconfig"; sourceTree = "<group>"; };
		C18B323123527DE6001E4DFE /* HomeViewController.swift */ = {isa = PBXFileReference; lastKnownFileType = sourcecode.swift; path = HomeViewController.swift; sourceTree = "<group>"; };
		C18B323423527EF9001E4DFE /* SF-UI-Display-Medium.otf */ = {isa = PBXFileReference; lastKnownFileType = file; path = "SF-UI-Display-Medium.otf"; sourceTree = "<group>"; };
		C18B323523527EF9001E4DFE /* SF-UI-Display-Light.otf */ = {isa = PBXFileReference; lastKnownFileType = file; path = "SF-UI-Display-Light.otf"; sourceTree = "<group>"; };
		C18B323623527EF9001E4DFE /* SF-UI-Display-Regular.otf */ = {isa = PBXFileReference; lastKnownFileType = file; path = "SF-UI-Display-Regular.otf"; sourceTree = "<group>"; };
		C18B323723527EF9001E4DFE /* SF-UI-Display-Thin.otf */ = {isa = PBXFileReference; lastKnownFileType = file; path = "SF-UI-Display-Thin.otf"; sourceTree = "<group>"; };
		C18B323823527EF9001E4DFE /* SF-UI-Display-Heavy.otf */ = {isa = PBXFileReference; lastKnownFileType = file; path = "SF-UI-Display-Heavy.otf"; sourceTree = "<group>"; };
		C18B323923527EF9001E4DFE /* SF-UI-Display-Bold.otf */ = {isa = PBXFileReference; lastKnownFileType = file; path = "SF-UI-Display-Bold.otf"; sourceTree = "<group>"; };
		C18B323A23527EF9001E4DFE /* SF-UI-Display-Black.otf */ = {isa = PBXFileReference; lastKnownFileType = file; path = "SF-UI-Display-Black.otf"; sourceTree = "<group>"; };
		C18B323B23527EF9001E4DFE /* SF-UI-Display-Ultralight.otf */ = {isa = PBXFileReference; lastKnownFileType = file; path = "SF-UI-Display-Ultralight.otf"; sourceTree = "<group>"; };
		C18B323C23527EF9001E4DFE /* SF-UI-Display-Semibold.otf */ = {isa = PBXFileReference; lastKnownFileType = file; path = "SF-UI-Display-Semibold.otf"; sourceTree = "<group>"; };
		C18B324623527FE4001E4DFE /* HomePageTableViewCell.swift */ = {isa = PBXFileReference; lastKnownFileType = sourcecode.swift; name = HomePageTableViewCell.swift; path = "Feel Better/HomePageTableViewCell.swift"; sourceTree = SOURCE_ROOT; };
		C18B328323529C31001E4DFE /* ChartView.swift */ = {isa = PBXFileReference; lastKnownFileType = sourcecode.swift; path = ChartView.swift; sourceTree = "<group>"; };
		C18B328A2352D7BE001E4DFE /* String+Extensions.swift */ = {isa = PBXFileReference; fileEncoding = 4; lastKnownFileType = sourcecode.swift; path = "String+Extensions.swift"; sourceTree = "<group>"; };
		C18B328D2352D7BE001E4DFE /* UIColor+Extensions.swift */ = {isa = PBXFileReference; fileEncoding = 4; lastKnownFileType = sourcecode.swift; path = "UIColor+Extensions.swift"; sourceTree = "<group>"; };
		C18B328E2352D7BE001E4DFE /* CGRect+Extensions.swift */ = {isa = PBXFileReference; fileEncoding = 4; lastKnownFileType = sourcecode.swift; path = "CGRect+Extensions.swift"; sourceTree = "<group>"; };
		C18B329B2352D99C001E4DFE /* Canvas.swift */ = {isa = PBXFileReference; lastKnownFileType = sourcecode.swift; path = Canvas.swift; sourceTree = "<group>"; };
		C18B329D2352D9C9001E4DFE /* Word.swift */ = {isa = PBXFileReference; lastKnownFileType = sourcecode.swift; path = Word.swift; sourceTree = "<group>"; };
		C18B329F2352D9EE001E4DFE /* WordImage.swift */ = {isa = PBXFileReference; lastKnownFileType = sourcecode.swift; path = WordImage.swift; sourceTree = "<group>"; };
		C18B32A123530C13001E4DFE /* SignInViewController.swift */ = {isa = PBXFileReference; lastKnownFileType = sourcecode.swift; path = SignInViewController.swift; sourceTree = "<group>"; };
		D20CB0412352746F00C8BE8D /* Feel Better.app */ = {isa = PBXFileReference; explicitFileType = wrapper.application; includeInIndex = 0; path = "Feel Better.app"; sourceTree = BUILT_PRODUCTS_DIR; };
		D20CB0442352746F00C8BE8D /* AppDelegate.swift */ = {isa = PBXFileReference; lastKnownFileType = sourcecode.swift; path = AppDelegate.swift; sourceTree = "<group>"; };
		D20CB0462352746F00C8BE8D /* SceneDelegate.swift */ = {isa = PBXFileReference; lastKnownFileType = sourcecode.swift; path = SceneDelegate.swift; sourceTree = "<group>"; };
		D20CB04A2352746F00C8BE8D /* MemoriesTableViewViewController.swift */ = {isa = PBXFileReference; lastKnownFileType = sourcecode.swift; path = MemoriesTableViewViewController.swift; sourceTree = "<group>"; };
		D20CB04D2352746F00C8BE8D /* Base */ = {isa = PBXFileReference; lastKnownFileType = file.storyboard; name = Base; path = Base.lproj/Main.storyboard; sourceTree = "<group>"; };
		D20CB04F2352747000C8BE8D /* Assets.xcassets */ = {isa = PBXFileReference; lastKnownFileType = folder.assetcatalog; path = Assets.xcassets; sourceTree = "<group>"; };
		D20CB0522352747000C8BE8D /* Base */ = {isa = PBXFileReference; lastKnownFileType = file.storyboard; name = Base; path = Base.lproj/LaunchScreen.storyboard; sourceTree = "<group>"; };
		D20CB0542352747000C8BE8D /* Info.plist */ = {isa = PBXFileReference; lastKnownFileType = text.plist.xml; path = Info.plist; sourceTree = "<group>"; };
		D20CB05A235275F900C8BE8D /* TextAnalyzer+Azure.swift */ = {isa = PBXFileReference; lastKnownFileType = sourcecode.swift; path = "TextAnalyzer+Azure.swift"; sourceTree = "<group>"; };
		D25E5F6623529AA100C105DC /* SentimentAnalyzer.swift */ = {isa = PBXFileReference; lastKnownFileType = sourcecode.swift; path = SentimentAnalyzer.swift; sourceTree = "<group>"; };
		D25E5F6823529F7200C105DC /* TextAnalyzer.swift */ = {isa = PBXFileReference; lastKnownFileType = sourcecode.swift; path = TextAnalyzer.swift; sourceTree = "<group>"; };
		D25E5F6A23529FE300C105DC /* KeyPhraseExtractor.swift */ = {isa = PBXFileReference; lastKnownFileType = sourcecode.swift; path = KeyPhraseExtractor.swift; sourceTree = "<group>"; };
		D25E5F6C2352A4D700C105DC /* EntityNamer.swift */ = {isa = PBXFileReference; lastKnownFileType = sourcecode.swift; path = EntityNamer.swift; sourceTree = "<group>"; };
		D25E5F6E2352B0AB00C105DC /* ImageSuggestionProvider.swift */ = {isa = PBXFileReference; lastKnownFileType = sourcecode.swift; path = ImageSuggestionProvider.swift; sourceTree = "<group>"; };
		D25E5F712352DB0900C105DC /* ComputerVision.swift */ = {isa = PBXFileReference; lastKnownFileType = sourcecode.swift; path = ComputerVision.swift; sourceTree = "<group>"; };
		D27ABDD62353096A00E61709 /* ImageTagMemory.swift */ = {isa = PBXFileReference; lastKnownFileType = sourcecode.swift; path = ImageTagMemory.swift; sourceTree = "<group>"; };
		D288FAFF2353169200D72B86 /* Firebase.swift */ = {isa = PBXFileReference; fileEncoding = 4; lastKnownFileType = sourcecode.swift; path = Firebase.swift; sourceTree = "<group>"; };
/* End PBXFileReference section */

/* Begin PBXFrameworksBuildPhase section */
		D20CB03E2352746F00C8BE8D /* Frameworks */ = {
			isa = PBXFrameworksBuildPhase;
			buildActionMask = 2147483647;
			files = (
				A0AF33AA2352C1C80065ECD1 /* KeyboardLayoutGuide in Frameworks */,
				E1F8274C8DC1C8BE87A75819 /* Pods_Feel_Better.framework in Frameworks */,
			);
			runOnlyForDeploymentPostprocessing = 0;
		};
/* End PBXFrameworksBuildPhase section */

/* Begin PBXGroup section */
		5BFBAE34B11FFDF7D581CD18 /* Frameworks */ = {
			isa = PBXGroup;
			children = (
				B85023A000B652DA2FA6FD90 /* Pods_Feel_Better.framework */,
			);
			name = Frameworks;
			sourceTree = "<group>";
		};
		7E201FAA36D8BDB3792BDC58 /* Pods */ = {
			isa = PBXGroup;
			children = (
				67C9E0C473F442AC19A217D5 /* Pods-Feel Better.debug.xcconfig */,
				C15896BFDF0C32AA62D5DAE5 /* Pods-Feel Better.release.xcconfig */,
			);
			path = Pods;
			sourceTree = "<group>";
		};
		C18B323323527EE0001E4DFE /* Fonts */ = {
			isa = PBXGroup;
			children = (
				C18B323A23527EF9001E4DFE /* SF-UI-Display-Black.otf */,
				C18B323923527EF9001E4DFE /* SF-UI-Display-Bold.otf */,
				C18B323823527EF9001E4DFE /* SF-UI-Display-Heavy.otf */,
				C18B323523527EF9001E4DFE /* SF-UI-Display-Light.otf */,
				C18B323423527EF9001E4DFE /* SF-UI-Display-Medium.otf */,
				C18B323623527EF9001E4DFE /* SF-UI-Display-Regular.otf */,
				C18B323C23527EF9001E4DFE /* SF-UI-Display-Semibold.otf */,
				C18B323723527EF9001E4DFE /* SF-UI-Display-Thin.otf */,
				C18B323B23527EF9001E4DFE /* SF-UI-Display-Ultralight.otf */,
			);
			path = Fonts;
			sourceTree = "<group>";
		};
		C18B32922352D7C5001E4DFE /* Extensions */ = {
			isa = PBXGroup;
			children = (
				C18B328E2352D7BE001E4DFE /* CGRect+Extensions.swift */,
				C18B328D2352D7BE001E4DFE /* UIColor+Extensions.swift */,
				C18B328A2352D7BE001E4DFE /* String+Extensions.swift */,
			);
			path = Extensions;
			sourceTree = "<group>";
		};
		C18B32992352D7F3001E4DFE /* Word Cloud */ = {
			isa = PBXGroup;
			children = (
				C18B329B2352D99C001E4DFE /* Canvas.swift */,
				C18B329D2352D9C9001E4DFE /* Word.swift */,
				C18B329F2352D9EE001E4DFE /* WordImage.swift */,
			);
			path = "Word Cloud";
			sourceTree = "<group>";
		};
		D20CB0382352746F00C8BE8D = {
			isa = PBXGroup;
			children = (
				D20CB0432352746F00C8BE8D /* Feel Better */,
				D20CB0422352746F00C8BE8D /* Products */,
				7E201FAA36D8BDB3792BDC58 /* Pods */,
				5BFBAE34B11FFDF7D581CD18 /* Frameworks */,
			);
			sourceTree = "<group>";
		};
		D20CB0422352746F00C8BE8D /* Products */ = {
			isa = PBXGroup;
			children = (
				D20CB0412352746F00C8BE8D /* Feel Better.app */,
			);
			name = Products;
			sourceTree = "<group>";
		};
		D20CB0432352746F00C8BE8D /* Feel Better */ = {
			isa = PBXGroup;
			children = (
				C18B323323527EE0001E4DFE /* Fonts */,
				D20CB05C235275FE00C8BE8D /* Azure */,
				D20CB0442352746F00C8BE8D /* AppDelegate.swift */,
				D20CB0462352746F00C8BE8D /* SceneDelegate.swift */,
				D288FAFF2353169200D72B86 /* Firebase.swift */,
				C18B324623527FE4001E4DFE /* HomePageTableViewCell.swift */,
				C18B323123527DE6001E4DFE /* HomeViewController.swift */,
				C18B328323529C31001E4DFE /* ChartView.swift */,
				C18B32992352D7F3001E4DFE /* Word Cloud */,
				C18B32922352D7C5001E4DFE /* Extensions */,
				A0AF33A023528B560065ECD1 /* Memories Class.swift */,
				D20CB04A2352746F00C8BE8D /* MemoriesTableViewViewController.swift */,
				A0AF33A2235293410065ECD1 /* MemoryTableViewCell.swift */,
				A0AF33A42352B2CA0065ECD1 /* MemoryDetailsViewController.swift */,
				A0AF33A62352C0110065ECD1 /* NewMemoryViewController.swift */,
				D20CB04C2352746F00C8BE8D /* Main.storyboard */,
				C18B32A123530C13001E4DFE /* SignInViewController.swift */,
				D20CB04F2352747000C8BE8D /* Assets.xcassets */,
				D20CB0512352747000C8BE8D /* LaunchScreen.storyboard */,
				D20CB0542352747000C8BE8D /* Info.plist */,
				1C0E06F82352935800A916D7 /* GoogleService-Info.plist */,
			);
			path = "Feel Better";
			sourceTree = "<group>";
		};
		D20CB05C235275FE00C8BE8D /* Azure */ = {
			isa = PBXGroup;
			children = (
				D25E5F702352D9F900C105DC /* Text Analyzer */,
				D288FAFD23530EC600D72B86 /* Computer Vision */,
			);
			path = Azure;
			sourceTree = "<group>";
		};
		D25E5F702352D9F900C105DC /* Text Analyzer */ = {
			isa = PBXGroup;
			children = (
				D25E5F6823529F7200C105DC /* TextAnalyzer.swift */,
				D20CB05A235275F900C8BE8D /* TextAnalyzer+Azure.swift */,
				D25E5F6623529AA100C105DC /* SentimentAnalyzer.swift */,
				D25E5F6A23529FE300C105DC /* KeyPhraseExtractor.swift */,
				D25E5F6C2352A4D700C105DC /* EntityNamer.swift */,
			);
			path = "Text Analyzer";
			sourceTree = "<group>";
		};
		D288FAFD23530EC600D72B86 /* Computer Vision */ = {
			isa = PBXGroup;
			children = (
				D25E5F6E2352B0AB00C105DC /* ImageSuggestionProvider.swift */,
				D25E5F712352DB0900C105DC /* ComputerVision.swift */,
				D27ABDD62353096A00E61709 /* ImageTagMemory.swift */,
			);
			path = "Computer Vision";
			sourceTree = "<group>";
		};
/* End PBXGroup section */

/* Begin PBXNativeTarget section */
		D20CB0402352746F00C8BE8D /* Feel Better */ = {
			isa = PBXNativeTarget;
			buildConfigurationList = D20CB0572352747000C8BE8D /* Build configuration list for PBXNativeTarget "Feel Better" */;
			buildPhases = (
				4586DC00712CF4A4696FD94B /* [CP] Check Pods Manifest.lock */,
				D20CB03D2352746F00C8BE8D /* Sources */,
				D20CB03E2352746F00C8BE8D /* Frameworks */,
				D20CB03F2352746F00C8BE8D /* Resources */,
				09D2A224A3C0C249848E931A /* [CP] Embed Pods Frameworks */,
			);
			buildRules = (
			);
			dependencies = (
			);
			name = "Feel Better";
			packageProductDependencies = (
				A0AF33A92352C1C80065ECD1 /* KeyboardLayoutGuide */,
			);
			productName = "Feel Better";
			productReference = D20CB0412352746F00C8BE8D /* Feel Better.app */;
			productType = "com.apple.product-type.application";
		};
/* End PBXNativeTarget section */

/* Begin PBXProject section */
		D20CB0392352746F00C8BE8D /* Project object */ = {
			isa = PBXProject;
			attributes = {
				LastSwiftUpdateCheck = 1110;
				LastUpgradeCheck = 1110;
				ORGANIZATIONNAME = "Feel Better";
				TargetAttributes = {
					D20CB0402352746F00C8BE8D = {
						CreatedOnToolsVersion = 11.1;
					};
				};
			};
			buildConfigurationList = D20CB03C2352746F00C8BE8D /* Build configuration list for PBXProject "Feel Better" */;
			compatibilityVersion = "Xcode 9.3";
			developmentRegion = en;
			hasScannedForEncodings = 0;
			knownRegions = (
				en,
				Base,
			);
			mainGroup = D20CB0382352746F00C8BE8D;
			packageReferences = (
				A0AF33A82352C1C80065ECD1 /* XCRemoteSwiftPackageReference "KeyboardLayoutGuide" */,
			);
			productRefGroup = D20CB0422352746F00C8BE8D /* Products */;
			projectDirPath = "";
			projectRoot = "";
			targets = (
				D20CB0402352746F00C8BE8D /* Feel Better */,
			);
		};
/* End PBXProject section */

/* Begin PBXResourcesBuildPhase section */
		D20CB03F2352746F00C8BE8D /* Resources */ = {
			isa = PBXResourcesBuildPhase;
			buildActionMask = 2147483647;
			files = (
				C18B323E23527EF9001E4DFE /* SF-UI-Display-Light.otf in Resources */,
				C18B323D23527EF9001E4DFE /* SF-UI-Display-Medium.otf in Resources */,
				C18B323F23527EF9001E4DFE /* SF-UI-Display-Regular.otf in Resources */,
				C18B324023527EF9001E4DFE /* SF-UI-Display-Thin.otf in Resources */,
				D20CB0532352747000C8BE8D /* LaunchScreen.storyboard in Resources */,
				C18B324323527EF9001E4DFE /* SF-UI-Display-Black.otf in Resources */,
				D20CB0502352747000C8BE8D /* Assets.xcassets in Resources */,
				D20CB04E2352746F00C8BE8D /* Main.storyboard in Resources */,
				C18B324523527EF9001E4DFE /* SF-UI-Display-Semibold.otf in Resources */,
				C18B324223527EF9001E4DFE /* SF-UI-Display-Bold.otf in Resources */,
				C18B324123527EF9001E4DFE /* SF-UI-Display-Heavy.otf in Resources */,
				C18B324423527EF9001E4DFE /* SF-UI-Display-Ultralight.otf in Resources */,
				1C0E06F92352935800A916D7 /* GoogleService-Info.plist in Resources */,
			);
			runOnlyForDeploymentPostprocessing = 0;
		};
/* End PBXResourcesBuildPhase section */

/* Begin PBXShellScriptBuildPhase section */
		09D2A224A3C0C249848E931A /* [CP] Embed Pods Frameworks */ = {
			isa = PBXShellScriptBuildPhase;
			buildActionMask = 2147483647;
			files = (
			);
			inputFileListPaths = (
				"${PODS_ROOT}/Target Support Files/Pods-Feel Better/Pods-Feel Better-frameworks-${CONFIGURATION}-input-files.xcfilelist",
			);
			name = "[CP] Embed Pods Frameworks";
			outputFileListPaths = (
				"${PODS_ROOT}/Target Support Files/Pods-Feel Better/Pods-Feel Better-frameworks-${CONFIGURATION}-output-files.xcfilelist",
			);
			runOnlyForDeploymentPostprocessing = 0;
			shellPath = /bin/sh;
			shellScript = "\"${PODS_ROOT}/Target Support Files/Pods-Feel Better/Pods-Feel Better-frameworks.sh\"\n";
			showEnvVarsInLog = 0;
		};
		4586DC00712CF4A4696FD94B /* [CP] Check Pods Manifest.lock */ = {
			isa = PBXShellScriptBuildPhase;
			buildActionMask = 2147483647;
			files = (
			);
			inputFileListPaths = (
			);
			inputPaths = (
				"${PODS_PODFILE_DIR_PATH}/Podfile.lock",
				"${PODS_ROOT}/Manifest.lock",
			);
			name = "[CP] Check Pods Manifest.lock";
			outputFileListPaths = (
			);
			outputPaths = (
				"$(DERIVED_FILE_DIR)/Pods-Feel Better-checkManifestLockResult.txt",
			);
			runOnlyForDeploymentPostprocessing = 0;
			shellPath = /bin/sh;
			shellScript = "diff \"${PODS_PODFILE_DIR_PATH}/Podfile.lock\" \"${PODS_ROOT}/Manifest.lock\" > /dev/null\nif [ $? != 0 ] ; then\n    # print error to STDERR\n    echo \"error: The sandbox is not in sync with the Podfile.lock. Run 'pod install' or update your CocoaPods installation.\" >&2\n    exit 1\nfi\n# This output is used by Xcode 'outputs' to avoid re-running this script phase.\necho \"SUCCESS\" > \"${SCRIPT_OUTPUT_FILE_0}\"\n";
			showEnvVarsInLog = 0;
		};
/* End PBXShellScriptBuildPhase section */

/* Begin PBXSourcesBuildPhase section */
		D20CB03D2352746F00C8BE8D /* Sources */ = {
			isa = PBXSourcesBuildPhase;
			buildActionMask = 2147483647;
			files = (
				C18B324723527FE4001E4DFE /* HomePageTableViewCell.swift in Sources */,
				C18B32912352D7BE001E4DFE /* CGRect+Extensions.swift in Sources */,
				C18B328F2352D7BE001E4DFE /* String+Extensions.swift in Sources */,
				D20CB04B2352746F00C8BE8D /* MemoriesTableViewViewController.swift in Sources */,
				C18B329E2352D9C9001E4DFE /* Word.swift in Sources */,
				C18B32A223530C13001E4DFE /* SignInViewController.swift in Sources */,
				C18B32A02352D9EE001E4DFE /* WordImage.swift in Sources */,
				C18B32902352D7BE001E4DFE /* UIColor+Extensions.swift in Sources */,
				D20CB05B235275F900C8BE8D /* TextAnalyzer+Azure.swift in Sources */,
				D20CB04B2352746F00C8BE8D /* MemoriesTableViewViewController.swift in Sources */,
				D25E5F722352DB0900C105DC /* ComputerVision.swift in Sources */,
				D25E5F6B23529FE300C105DC /* KeyPhraseExtractor.swift in Sources */,
				D25E5F6723529AA100C105DC /* SentimentAnalyzer.swift in Sources */,
				D20CB0452352746F00C8BE8D /* AppDelegate.swift in Sources */,
				D25E5F6F2352B0AB00C105DC /* ImageSuggestionProvider.swift in Sources */,
				D25E5F6D2352A4D700C105DC /* EntityNamer.swift in Sources */,
				D25E5F6923529F7200C105DC /* TextAnalyzer.swift in Sources */,
				D20CB0472352746F00C8BE8D /* SceneDelegate.swift in Sources */,
				C18B323223527DE6001E4DFE /* HomeViewController.swift in Sources */,
				C18B328423529C31001E4DFE /* ChartView.swift in Sources */,
				C18B329C2352D99C001E4DFE /* Canvas.swift in Sources */,
				D27ABDD72353096A00E61709 /* ImageTagMemory.swift in Sources */,
				D288FB002353169200D72B86 /* Firebase.swift in Sources */,
				D20CB04B2352746F00C8BE8D /* MemoriesTableViewViewController.swift in Sources */,
				A0AF33A123528B560065ECD1 /* Memories Class.swift in Sources */,
				A0AF33A72352C0110065ECD1 /* NewMemoryViewController.swift in Sources */,
				D20CB0452352746F00C8BE8D /* AppDelegate.swift in Sources */,
				A0AF33A3235293410065ECD1 /* MemoryTableViewCell.swift in Sources */,
				D20CB0472352746F00C8BE8D /* SceneDelegate.swift in Sources */,
				A0AF33A52352B2CA0065ECD1 /* MemoryDetailsViewController.swift in Sources */,
			);
			runOnlyForDeploymentPostprocessing = 0;
		};
/* End PBXSourcesBuildPhase section */

/* Begin PBXVariantGroup section */
		D20CB04C2352746F00C8BE8D /* Main.storyboard */ = {
			isa = PBXVariantGroup;
			children = (
				D20CB04D2352746F00C8BE8D /* Base */,
			);
			name = Main.storyboard;
			sourceTree = "<group>";
		};
		D20CB0512352747000C8BE8D /* LaunchScreen.storyboard */ = {
			isa = PBXVariantGroup;
			children = (
				D20CB0522352747000C8BE8D /* Base */,
			);
			name = LaunchScreen.storyboard;
			sourceTree = "<group>";
		};
/* End PBXVariantGroup section */

/* Begin XCBuildConfiguration section */
		D20CB0552352747000C8BE8D /* Debug */ = {
			isa = XCBuildConfiguration;
			buildSettings = {
				ALWAYS_SEARCH_USER_PATHS = NO;
				CLANG_ANALYZER_NONNULL = YES;
				CLANG_ANALYZER_NUMBER_OBJECT_CONVERSION = YES_AGGRESSIVE;
				CLANG_CXX_LANGUAGE_STANDARD = "gnu++14";
				CLANG_CXX_LIBRARY = "libc++";
				CLANG_ENABLE_MODULES = YES;
				CLANG_ENABLE_OBJC_ARC = YES;
				CLANG_ENABLE_OBJC_WEAK = YES;
				CLANG_WARN_BLOCK_CAPTURE_AUTORELEASING = YES;
				CLANG_WARN_BOOL_CONVERSION = YES;
				CLANG_WARN_COMMA = YES;
				CLANG_WARN_CONSTANT_CONVERSION = YES;
				CLANG_WARN_DEPRECATED_OBJC_IMPLEMENTATIONS = YES;
				CLANG_WARN_DIRECT_OBJC_ISA_USAGE = YES_ERROR;
				CLANG_WARN_DOCUMENTATION_COMMENTS = YES;
				CLANG_WARN_EMPTY_BODY = YES;
				CLANG_WARN_ENUM_CONVERSION = YES;
				CLANG_WARN_INFINITE_RECURSION = YES;
				CLANG_WARN_INT_CONVERSION = YES;
				CLANG_WARN_NON_LITERAL_NULL_CONVERSION = YES;
				CLANG_WARN_OBJC_IMPLICIT_RETAIN_SELF = YES;
				CLANG_WARN_OBJC_LITERAL_CONVERSION = YES;
				CLANG_WARN_OBJC_ROOT_CLASS = YES_ERROR;
				CLANG_WARN_RANGE_LOOP_ANALYSIS = YES;
				CLANG_WARN_STRICT_PROTOTYPES = YES;
				CLANG_WARN_SUSPICIOUS_MOVE = YES;
				CLANG_WARN_UNGUARDED_AVAILABILITY = YES_AGGRESSIVE;
				CLANG_WARN_UNREACHABLE_CODE = YES;
				CLANG_WARN__DUPLICATE_METHOD_MATCH = YES;
				COPY_PHASE_STRIP = NO;
				DEBUG_INFORMATION_FORMAT = dwarf;
				ENABLE_STRICT_OBJC_MSGSEND = YES;
				ENABLE_TESTABILITY = YES;
				GCC_C_LANGUAGE_STANDARD = gnu11;
				GCC_DYNAMIC_NO_PIC = NO;
				GCC_NO_COMMON_BLOCKS = YES;
				GCC_OPTIMIZATION_LEVEL = 0;
				GCC_PREPROCESSOR_DEFINITIONS = (
					"DEBUG=1",
					"$(inherited)",
				);
				GCC_WARN_64_TO_32_BIT_CONVERSION = YES;
				GCC_WARN_ABOUT_RETURN_TYPE = YES_ERROR;
				GCC_WARN_UNDECLARED_SELECTOR = YES;
				GCC_WARN_UNINITIALIZED_AUTOS = YES_AGGRESSIVE;
				GCC_WARN_UNUSED_FUNCTION = YES;
				GCC_WARN_UNUSED_VARIABLE = YES;
				IPHONEOS_DEPLOYMENT_TARGET = 13.1;
				MTL_ENABLE_DEBUG_INFO = INCLUDE_SOURCE;
				MTL_FAST_MATH = YES;
				ONLY_ACTIVE_ARCH = YES;
				SDKROOT = iphoneos;
				SWIFT_ACTIVE_COMPILATION_CONDITIONS = DEBUG;
				SWIFT_OPTIMIZATION_LEVEL = "-Onone";
			};
			name = Debug;
		};
		D20CB0562352747000C8BE8D /* Release */ = {
			isa = XCBuildConfiguration;
			buildSettings = {
				ALWAYS_SEARCH_USER_PATHS = NO;
				CLANG_ANALYZER_NONNULL = YES;
				CLANG_ANALYZER_NUMBER_OBJECT_CONVERSION = YES_AGGRESSIVE;
				CLANG_CXX_LANGUAGE_STANDARD = "gnu++14";
				CLANG_CXX_LIBRARY = "libc++";
				CLANG_ENABLE_MODULES = YES;
				CLANG_ENABLE_OBJC_ARC = YES;
				CLANG_ENABLE_OBJC_WEAK = YES;
				CLANG_WARN_BLOCK_CAPTURE_AUTORELEASING = YES;
				CLANG_WARN_BOOL_CONVERSION = YES;
				CLANG_WARN_COMMA = YES;
				CLANG_WARN_CONSTANT_CONVERSION = YES;
				CLANG_WARN_DEPRECATED_OBJC_IMPLEMENTATIONS = YES;
				CLANG_WARN_DIRECT_OBJC_ISA_USAGE = YES_ERROR;
				CLANG_WARN_DOCUMENTATION_COMMENTS = YES;
				CLANG_WARN_EMPTY_BODY = YES;
				CLANG_WARN_ENUM_CONVERSION = YES;
				CLANG_WARN_INFINITE_RECURSION = YES;
				CLANG_WARN_INT_CONVERSION = YES;
				CLANG_WARN_NON_LITERAL_NULL_CONVERSION = YES;
				CLANG_WARN_OBJC_IMPLICIT_RETAIN_SELF = YES;
				CLANG_WARN_OBJC_LITERAL_CONVERSION = YES;
				CLANG_WARN_OBJC_ROOT_CLASS = YES_ERROR;
				CLANG_WARN_RANGE_LOOP_ANALYSIS = YES;
				CLANG_WARN_STRICT_PROTOTYPES = YES;
				CLANG_WARN_SUSPICIOUS_MOVE = YES;
				CLANG_WARN_UNGUARDED_AVAILABILITY = YES_AGGRESSIVE;
				CLANG_WARN_UNREACHABLE_CODE = YES;
				CLANG_WARN__DUPLICATE_METHOD_MATCH = YES;
				COPY_PHASE_STRIP = NO;
				DEBUG_INFORMATION_FORMAT = "dwarf-with-dsym";
				ENABLE_NS_ASSERTIONS = NO;
				ENABLE_STRICT_OBJC_MSGSEND = YES;
				GCC_C_LANGUAGE_STANDARD = gnu11;
				GCC_NO_COMMON_BLOCKS = YES;
				GCC_WARN_64_TO_32_BIT_CONVERSION = YES;
				GCC_WARN_ABOUT_RETURN_TYPE = YES_ERROR;
				GCC_WARN_UNDECLARED_SELECTOR = YES;
				GCC_WARN_UNINITIALIZED_AUTOS = YES_AGGRESSIVE;
				GCC_WARN_UNUSED_FUNCTION = YES;
				GCC_WARN_UNUSED_VARIABLE = YES;
				IPHONEOS_DEPLOYMENT_TARGET = 13.1;
				MTL_ENABLE_DEBUG_INFO = NO;
				MTL_FAST_MATH = YES;
				SDKROOT = iphoneos;
				SWIFT_COMPILATION_MODE = wholemodule;
				SWIFT_OPTIMIZATION_LEVEL = "-O";
				VALIDATE_PRODUCT = YES;
			};
			name = Release;
		};
		D20CB0582352747000C8BE8D /* Debug */ = {
			isa = XCBuildConfiguration;
			baseConfigurationReference = 67C9E0C473F442AC19A217D5 /* Pods-Feel Better.debug.xcconfig */;
			buildSettings = {
				ASSETCATALOG_COMPILER_APPICON_NAME = AppIcon;
				CODE_SIGN_STYLE = Automatic;
				INFOPLIST_FILE = "Feel Better/Info.plist";
				LD_RUNPATH_SEARCH_PATHS = (
					"$(inherited)",
					"@executable_path/Frameworks",
				);
				PRODUCT_BUNDLE_IDENTIFIER = "io.github.FeelBetter.Feel-Better";
				PRODUCT_NAME = "$(TARGET_NAME)";
				SWIFT_VERSION = 5.0;
				TARGETED_DEVICE_FAMILY = "1,2";
			};
			name = Debug;
		};
		D20CB0592352747000C8BE8D /* Release */ = {
			isa = XCBuildConfiguration;
			baseConfigurationReference = C15896BFDF0C32AA62D5DAE5 /* Pods-Feel Better.release.xcconfig */;
			buildSettings = {
				ASSETCATALOG_COMPILER_APPICON_NAME = AppIcon;
				CODE_SIGN_STYLE = Automatic;
				INFOPLIST_FILE = "Feel Better/Info.plist";
				LD_RUNPATH_SEARCH_PATHS = (
					"$(inherited)",
					"@executable_path/Frameworks",
				);
				PRODUCT_BUNDLE_IDENTIFIER = "io.github.FeelBetter.Feel-Better";
				PRODUCT_NAME = "$(TARGET_NAME)";
				SWIFT_VERSION = 5.0;
				TARGETED_DEVICE_FAMILY = "1,2";
			};
			name = Release;
		};
/* End XCBuildConfiguration section */

/* Begin XCConfigurationList section */
		D20CB03C2352746F00C8BE8D /* Build configuration list for PBXProject "Feel Better" */ = {
			isa = XCConfigurationList;
			buildConfigurations = (
				D20CB0552352747000C8BE8D /* Debug */,
				D20CB0562352747000C8BE8D /* Release */,
			);
			defaultConfigurationIsVisible = 0;
			defaultConfigurationName = Release;
		};
		D20CB0572352747000C8BE8D /* Build configuration list for PBXNativeTarget "Feel Better" */ = {
			isa = XCConfigurationList;
			buildConfigurations = (
				D20CB0582352747000C8BE8D /* Debug */,
				D20CB0592352747000C8BE8D /* Release */,
			);
			defaultConfigurationIsVisible = 0;
			defaultConfigurationName = Release;
		};
/* End XCConfigurationList section */

/* Begin XCRemoteSwiftPackageReference section */
		A0AF33A82352C1C80065ECD1 /* XCRemoteSwiftPackageReference "KeyboardLayoutGuide" */ = {
			isa = XCRemoteSwiftPackageReference;
			repositoryURL = "https://github.com/freshOS/KeyboardLayoutGuide.git";
			requirement = {
				kind = upToNextMajorVersion;
				minimumVersion = 1.5.0;
			};
		};
/* End XCRemoteSwiftPackageReference section */

/* Begin XCSwiftPackageProductDependency section */
		A0AF33A92352C1C80065ECD1 /* KeyboardLayoutGuide */ = {
			isa = XCSwiftPackageProductDependency;
			package = A0AF33A82352C1C80065ECD1 /* XCRemoteSwiftPackageReference "KeyboardLayoutGuide" */;
			productName = KeyboardLayoutGuide;
		};
/* End XCSwiftPackageProductDependency section */
	};
	rootObject = D20CB0392352746F00C8BE8D /* Project object */;
}
